version = 1
revision = 3
requires-python = ">=3.14"

[[package]]
name = "unicode"
version = "0.1.0"
source = { editable = "." }
dependencies = [
    { name = "unicodedata2" },
]

[package.metadata]
requires-dist = [{ name = "unicodedata2", specifier = "==17.0.0" }]

[[package]]
name = "unicodedata2"
version = "17.0.0"
source = { registry = "https://pypi.org/simple" }
sdist = { url = "https://files.pythonhosted.org/packages/a8/cc/2c74acf574a46b00cb3868059d295ac258f5c48929e2bfb5086454abe7bc/unicodedata2-17.0.0.tar.gz", hash = "sha256:ffa2f0d6834642fe996d356e728da887201533bb540974ae7ac975e66ecc0e3a", size = 679275, upload-time = "2025-11-04T13:55:04.556Z" }
wheels = [
    { url = "https://files.pythonhosted.org/packages/08/77/b505dcc0ad7249451d8388ecba3d656fdcbb5f97a50926abd1d832ce995b/unicodedata2-17.0.0-cp314-cp314-macosx_10_15_universal2.whl", hash = "sha256:00ac2ae8c5e963226f9859df353ba276bb0c042e26b9e27d5a186734a32ee832", size = 973538, upload-time = "2025-11-04T13:54:14.76Z" },
    { url = "https://files.pythonhosted.org/packages/83/4b/f1a3f2818fb4412b27b89374c9b024684d8cffa26de472184f9697bbd8ec/unicodedata2-17.0.0-cp314-cp314-macosx_11_0_arm64.whl", hash = "sha256:e712625945c927186c14ff108b829494d154c7de7cd3aa99f869c76056a60fa8", size = 495362, upload-time = "2025-11-04T13:54:16.484Z" },
    { url = "https://files.pythonhosted.org/packages/b1/f3/cec8fcdf343f29d0609f21e16ac88e566ef06318c5dfa0b59d5d4e6aac36/unicodedata2-17.0.0-cp314-cp314-manylinux2014_aarch64.manylinux_2_17_aarch64.manylinux_2_28_aarch64.whl", hash = "sha256:f986dd95ef4174f7ea7c56e0c2fd0e65e2b1184f26c3bc072be564398eaff0ad", size = 531780, upload-time = "2025-11-04T13:54:17.88Z" },
    { url = "https://files.pythonhosted.org/packages/95/8f/5a3df044bf34b216ce9712b0ea0a75b9e00b54890a4cee7ff2e22dd623e0/unicodedata2-17.0.0-cp314-cp314-manylinux2014_x86_64.manylinux_2_17_x86_64.whl", hash = "sha256:f47be5cc0015ff7822d6a3a23f8b4581acebfe269ef1226a2ab7ee39f3fa62ab", size = 531769, upload-time = "2025-11-04T13:54:19.376Z" },
    { url = "https://files.pythonhosted.org/packages/cb/5c/7ef3e04c82bb9ea4c749a5f3c2619a83860325b010db98e054e805f35b50/unicodedata2-17.0.0-cp314-cp314-musllinux_1_2_aarch64.whl", hash = "sha256:18a2a5e03d823f9c8aad3a9ca8dba03ecc44fd503146f5c5c9411e44bdc372b4", size = 530425, upload-time = "2025-11-04T13:54:21.089Z" },
    { url = "https://files.pythonhosted.org/packages/fb/ae/84ab62e0f3e40bec2275a721e90db615ea181b54db88a08b520150bdf030/unicodedata2-17.0.0-cp314-cp314-musllinux_1_2_x86_64.whl", hash = "sha256:3eb8b04e80a10bfad575915daec0bfce7dabcc7e9fc4a00361ee9f3ce439f1fd", size = 531073, upload-time = "2025-11-04T13:54:22.517Z" },
    { url = "https://files.pythonhosted.org/packages/ad/01/80e27146ddb94689dc3375a46c7d18bdb89c5382e690e3e711622b55c9ba/unicodedata2-17.0.0-cp314-cp314-win32.whl", hash = "sha256:c2691a839ceb1947fc2834b50143c4b9e6b1fd4073492e5787508946138577a3", size = 577487, upload-time = "2025-11-04T13:54:24.26Z" },
    { url = "https://files.pythonhosted.org/packages/7b/33/96b29878eab96919d9a7e0ce709421c7aec332a681a209f2b686f2eadb59/unicodedata2-17.0.0-cp314-cp314-win_amd64.whl", hash = "sha256:667fb88043dec67afa4eac98fcdaa8d10b50d7d69d3c410680628a68446062fb", size = 577769, upload-time = "2025-11-04T13:54:25.776Z" },
    { url = "https://files.pythonhosted.org/packages/81/ac/8321400800ef2b50b96fe9ab3f7efc82d9db9ed462df2e171ef7698ab00e/unicodedata2-17.0.0-cp314-cp314t-macosx_10_15_universal2.whl", hash = "sha256:92944ead928b84b09840e3d4799a1b71d56f8f6e8082789a5baba93285bd0be9", size = 974004, upload-time = "2025-11-04T13:54:27.187Z" },
    { url = "https://files.pythonhosted.org/packages/ce/4f/9259db236dacdf4b099b0b73cc71b6755f8d258ea0e3d6b00d7d89553dc2/unicodedata2-17.0.0-cp314-cp314t-macosx_11_0_arm64.whl", hash = "sha256:a05abd247f1f88c3c8225ccd9360f2211d8bcfd3e63bdcf14c9e1c0a6fd5625c", size = 495690, upload-time = "2025-11-04T13:54:28.855Z" },
    { url = "https://files.pythonhosted.org/packages/79/d6/5a7ab9748894a455fa8cf4d082117c0296537157fb4064acd12f95fe9f94/unicodedata2-17.0.0-cp314-cp314t-manylinux2014_x86_64.manylinux_2_17_x86_64.whl", hash = "sha256:2c67b5d4318ad95499e1bc9c69c8f4ffc6e313c711a2eb3c2b7c6b832b549401", size = 533768, upload-time = "2025-11-04T13:54:30.295Z" },
    { url = "https://files.pythonhosted.org/packages/62/bc/1adcf39ff8b4f84bcb9bb7ae8ae4fbf7060ef4ba570d9d408ab33659b4af/unicodedata2-17.0.0-cp314-cp314t-musllinux_1_2_x86_64.whl", hash = "sha256:448ce2129763eee3c8cad7efa94cb1fce637fd2a32e59f74f9f4aca2fecfe349", size = 533159, upload-time = "2025-11-04T13:54:31.7Z" },
    { url = "https://files.pythonhosted.org/packages/13/6c/40fd11a3e1be96595c237354a242ccbf939d2bf170f3a958a634807d4bad/unicodedata2-17.0.0-cp314-cp314t-win32.whl", hash = "sha256:fa7ab8f2e4502a780b4a569092c498e2e76ba212748f482fc19bc97f8cea88b4", size = 577641, upload-time = "2025-11-04T13:54:33.315Z" },
    { url = "https://files.pythonhosted.org/packages/69/48/b3eef0d1ab7dfe0ab34ec37d6a78d208712a82b56f3a45d44fe50287745c/unicodedata2-17.0.0-cp314-cp314t-win_amd64.whl", hash = "sha256:b1e3963e226bfcafd9870e03dc75435c46d65646b5b2968edc69018b1a12bd15", size = 577985, upload-time = "2025-11-04T13:54:34.728Z" },
]
